
Microsoft Visual Studio Solution File, Format Version 12.00
# Visual Studio Version 17
VisualStudioVersion = 17.2.32630.192
MinimumVisualStudioVersion = 10.0.40219.1
Project("{FAE04EC0-301F-11D3-BF4B-00C04F79EFBC}") = "BankLoansManagement", "BankLoansManagement\BankLoansManagement.csproj", "{35BC77BF-DC83-41E5-BC7D-6FB40F4FDFEF}"
EndProject
Global
	GlobalSection(SolutionConfigurationPlatforms) = preSolution
		Debug|Any CPU = Debug|Any CPU
		Release|Any CPU = Release|Any CPU
	EndGlobalSection
	GlobalSection(ProjectConfigurationPlatforms) = postSolution
		{35BC77BF-DC83-41E5-BC7D-6FB40F4FDFEF}.Debug|Any CPU.ActiveCfg = Debug|Any CPU
		{35BC77BF-DC83-41E5-BC7D-6FB40F4FDFEF}.Debug|Any CPU.Build.0 = Debug|Any CPU
		{35BC77BF-DC83-41E5-BC7D-6FB40F4FDFEF}.Release|Any CPU.ActiveCfg = Release|Any CPU
		{35BC77BF-DC83-41E5-BC7D-6FB40F4FDFEF}.Release|Any CPU.Build.0 = Release|Any CPU
	EndGlobalSection
	GlobalSection(SolutionProperties) = preSolution
		HideSolutionNode = FALSE
	EndGlobalSection
	GlobalSection(ExtensibilityGlobals) = postSolution
		SolutionGuid = {41D5745C-F65A-48AD-9927-386BCC168B1B}
	EndGlobalSection
EndGlobal
